// !$*UTF8*$!
{
	archiveVersion = 1;
	classes = {
	};
	objectVersion = 50;
	objects = {

/* Begin PBXBuildFile section */
		CBF1D44C270AF3AA000B9749 /* AppDelegate.swift in Sources */ = {isa = PBXBuildFile; fileRef = CBF1D44B270AF3AA000B9749 /* AppDelegate.swift */; };
		CBF1D44E270AF3AA000B9749 /* SceneDelegate.swift in Sources */ = {isa = PBXBuildFile; fileRef = CBF1D44D270AF3AA000B9749 /* SceneDelegate.swift */; };
		CBF1D450270AF3AA000B9749 /* ViewController.swift in Sources */ = {isa = PBXBuildFile; fileRef = CBF1D44F270AF3AA000B9749 /* ViewController.swift */; };
		CBF1D453270AF3AA000B9749 /* Main.storyboard in Resources */ = {isa = PBXBuildFile; fileRef = CBF1D451270AF3AA000B9749 /* Main.storyboard */; };
		CBF1D455270AF3AC000B9749 /* Assets.xcassets in Resources */ = {isa = PBXBuildFile; fileRef = CBF1D454270AF3AC000B9749 /* Assets.xcassets */; };
		CBF1D458270AF3AC000B9749 /* LaunchScreen.storyboard in Resources */ = {isa = PBXBuildFile; fileRef = CBF1D456270AF3AC000B9749 /* LaunchScreen.storyboard */; };
/* End PBXBuildFile section */

/* Begin PBXFileReference section */
		CBF1D448270AF3AA000B9749 /* lasvegasDice.app */ = {isa = PBXFileReference; explicitFileType = wrapper.application; includeInIndex = 0; path = lasvegasDice.app; sourceTree = BUILT_PRODUCTS_DIR; };
		CBF1D44B270AF3AA000B9749 /* AppDelegate.swift */ = {isa = PBXFileReference; lastKnownFileType = sourcecode.swift; path = AppDelegate.swift; sourceTree = "<group>"; };
		CBF1D44D270AF3AA000B9749 /* SceneDelegate.swift */ = {isa = PBXFileReference; lastKnownFileType = sourcecode.swift; path = SceneDelegate.swift; sourceTree = "<group>"; };
		CBF1D44F270AF3AA000B9749 /* ViewController.swift */ = {isa = PBXFileReference; lastKnownFileType = sourcecode.swift; path = ViewController.swift; sourceTree = "<group>"; };
		CBF1D452270AF3AA000B9749 /* Base */ = {isa = PBXFileReference; lastKnownFileType = file.storyboard; name = Base; path = Base.lproj/Main.storyboard; sourceTree = "<group>"; };
		CBF1D454270AF3AC000B9749 /* Assets.xcassets */ = {isa = PBXFileReference; lastKnownFileType = folder.assetcatalog; path = Assets.xcassets; sourceTree = "<group>"; };
		CBF1D457270AF3AC000B9749 /* Base */ = {isa = PBXFileReference; lastKnownFileType = file.storyboard; name = Base; path = Base.lproj/LaunchScreen.storyboard; sourceTree = "<group>"; };
		CBF1D459270AF3AC000B9749 /* Info.plist */ = {isa = PBXFileReference; lastKnownFileType = text.plist.xml; path = Info.plist; sourceTree = "<group>"; };
/* End PBXFileReference section */

/* Begin PBXFrameworksBuildPhase section */
		CBF1D445270AF3AA000B9749 /* Frameworks */ = {
			isa = PBXFrameworksBuildPhase;
			buildActionMask = 2147483647;
			files = (
			);
			runOnlyForDeploymentPostprocessing = 0;
		};
/* End PBXFrameworksBuildPhase section */

/* Begin PBXGroup section */
		CBF1D43F270AF3AA000B9749 = {
			isa = PBXGroup;
			children = (
				CBF1D44A270AF3AA000B9749 /* lasvegasDice */,
				CBF1D449270AF3AA000B9749 /* Products */,
			);
			sourceTree = "<group>";
		};
		CBF1D449270AF3AA000B9749 /* Products */ = {
			isa = PBXGroup;
			children = (
				CBF1D448270AF3AA000B9749 /* lasvegasDice.app */,
			);
			name = Products;
			sourceTree = "<group>";
		};
		CBF1D44A270AF3AA000B9749 /* lasvegasDice */ = {
			isa = PBXGroup;
			children = (
				CBF1D44B270AF3AA000B9749 /* AppDelegate.swift */,
				CBF1D44D270AF3AA000B9749 /* SceneDelegate.swift */,
				CBF1D44F270AF3AA000B9749 /* ViewController.swift */,
				CBF1D451270AF3AA000B9749 /* Main.storyboard */,
				CBF1D454270AF3AC000B9749 /* Assets.xcassets */,
				CBF1D456270AF3AC000B9749 /* LaunchScreen.storyboard */,
				CBF1D459270AF3AC000B9749 /* Info.plist */,
			);
			path = lasvegasDice;
			sourceTree = "<group>";
		};
/* End PBXGroup section */

/* Begin PBXNativeTarget section */
		CBF1D447270AF3AA000B9749 /* lasvegasDice */ = {
			isa = PBXNativeTarget;
			buildConfigurationList = CBF1D45C270AF3AC000B9749 /* Build configuration list for PBXNativeTarget "lasvegasDice" */;
			buildPhases = (
				CBF1D444270AF3AA000B9749 /* Sources */,
				CBF1D445270AF3AA000B9749 /* Frameworks */,
				CBF1D446270AF3AA000B9749 /* Resources */,
			);
			buildRules = (
			);
			dependencies = (
			);
			name = lasvegasDice;
			productName = lasvegasDice;
			productReference = CBF1D448270AF3AA000B9749 /* lasvegasDice.app */;
			productType = "com.apple.product-type.application";
		};
/* End PBXNativeTarget section */

/* Begin PBXProject section */
		CBF1D440270AF3AA000B9749 /* Project object */ = {
			isa = PBXProject;
			attributes = {
				LastSwiftUpdateCheck = 1160;
				LastUpgradeCheck = 1160;
				ORGANIZATIONNAME = TruongNH;
				TargetAttributes = {
					CBF1D447270AF3AA000B9749 = {
						CreatedOnToolsVersion = 11.6;
					};
				};
			};
			buildConfigurationList = CBF1D443270AF3AA000B9749 /* Build configuration list for PBXProject "lasvegasDice" */;
			compatibilityVersion = "Xcode 9.3";
			developmentRegion = en;
			hasScannedForEncodings = 0;
			knownRegions = (
				en,
				Base,
			);
			mainGroup = CBF1D43F270AF3AA000B9749;
			productRefGroup = CBF1D449270AF3AA000B9749 /* Products */;
			projectDirPath = "";
			projectRoot = "";
			targets = (
				CBF1D447270AF3AA000B9749 /* lasvegasDice */,
			);
		};
/* End PBXProject section */

/* Begin PBXResourcesBuildPhase section */
		CBF1D446270AF3AA000B9749 /* Resources */ = {
			isa = PBXResourcesBuildPhase;
			buildActionMask = 2147483647;
			files = (
				CBF1D458270AF3AC000B9749 /* LaunchScreen.storyboard in Resources */,
				CBF1D455270AF3AC000B9749 /* Assets.xcassets in Resources */,
				CBF1D453270AF3AA000B9749 /* Main.storyboard in Resources */,
			);
			runOnlyForDeploymentPostprocessing = 0;
		};
/* End PBXResourcesBuildPhase section */

/* Begin PBXSourcesBuildPhase section */
		CBF1D444270AF3AA000B9749 /* Sources */ = {
			isa = PBXSourcesBuildPhase;
			buildActionMask = 2147483647;
			files = (
				CBF1D450270AF3AA000B9749 /* ViewController.swift in Sources */,
				CBF1D44C270AF3AA000B9749 /* AppDelegate.swift in Sources */,
				CBF1D44E270AF3AA000B9749 /* SceneDelegate.swift in Sources */,
			);
			runOnlyForDeploymentPostprocessing = 0;
		};
/* End PBXSourcesBuildPhase section */

/* Begin PBXVariantGroup section */
		CBF1D451270AF3AA000B9749 /* Main.storyboard */ = {
			isa = PBXVariantGroup;
			children = (
				CBF1D452270AF3AA000B9749 /* Base */,
			);
			name = Main.storyboard;
			sourceTree = "<group>";
		};
		CBF1D456270AF3AC000B9749 /* LaunchScreen.storyboard */ = {
			isa = PBXVariantGroup;
			children = (
				CBF1D457270AF3AC000B9749 /* Base */,
			);
			name = LaunchScreen.storyboard;
			sourceTree = "<group>";
		};
/* End PBXVariantGroup section */

/* Begin XCBuildConfiguration section */
		CBF1D45A270AF3AC000B9749 /* Debug */ = {
			isa = XCBuildConfiguration;
			buildSettings = {
				ALWAYS_SEARCH_USER_PATHS = NO;
				CLANG_ANALYZER_NONNULL = YES;
				CLANG_ANALYZER_NUMBER_OBJECT_CONVERSION = YES_AGGRESSIVE;
				CLANG_CXX_LANGUAGE_STANDARD = "gnu++14";
				CLANG_CXX_LIBRARY = "libc++";
				CLANG_ENABLE_MODULES = YES;
				CLANG_ENABLE_OBJC_ARC = YES;
				CLANG_ENABLE_OBJC_WEAK = YES;
				CLANG_WARN_BLOCK_CAPTURE_AUTORELEASING = YES;
				CLANG_WARN_BOOL_CONVERSION = YES;
				CLANG_WARN_COMMA = YES;
				CLANG_WARN_CONSTANT_CONVERSION = YES;
				CLANG_WARN_DEPRECATED_OBJC_IMPLEMENTATIONS = YES;
				CLANG_WARN_DIRECT_OBJC_ISA_USAGE = YES_ERROR;
				CLANG_WARN_DOCUMENTATION_COMMENTS = YES;
				CLANG_WARN_EMPTY_BODY = YES;
				CLANG_WARN_ENUM_CONVERSION = YES;
				CLANG_WARN_INFINITE_RECURSION = YES;
				CLANG_WARN_INT_CONVERSION = YES;
				CLANG_WARN_NON_LITERAL_NULL_CONVERSION = YES;
				CLANG_WARN_OBJC_IMPLICIT_RETAIN_SELF = YES;
				CLANG_WARN_OBJC_LITERAL_CONVERSION = YES;
				CLANG_WARN_OBJC_ROOT_CLASS = YES_ERROR;
				CLANG_WARN_RANGE_LOOP_ANALYSIS = YES;
				CLANG_WARN_STRICT_PROTOTYPES = YES;
				CLANG_WARN_SUSPICIOUS_MOVE = YES;
				CLANG_WARN_UNGUARDED_AVAILABILITY = YES_AGGRESSIVE;
				CLANG_WARN_UNREACHABLE_CODE = YES;
				CLANG_WARN__DUPLICATE_METHOD_MATCH = YES;
				COPY_PHASE_STRIP = NO;
				DEBUG_INFORMATION_FORMAT = dwarf;
				ENABLE_STRICT_OBJC_MSGSEND = YES;
				ENABLE_TESTABILITY = YES;
				GCC_C_LANGUAGE_STANDARD = gnu11;
				GCC_DYNAMIC_NO_PIC = NO;
				GCC_NO_COMMON_BLOCKS = YES;
				GCC_OPTIMIZATION_LEVEL = 0;
				GCC_PREPROCESSOR_DEFINITIONS = (
					"DEBUG=1",
					"$(inherited)",
				);
				GCC_WARN_64_TO_32_BIT_CONVERSION = YES;
				GCC_WARN_ABOUT_RETURN_TYPE = YES_ERROR;
				GCC_WARN_UNDECLARED_SELECTOR = YES;
				GCC_WARN_UNINITIALIZED_AUTOS = YES_AGGRESSIVE;
				GCC_WARN_UNUSED_FUNCTION = YES;
				GCC_WARN_UNUSED_VARIABLE = YES;
				IPHONEOS_DEPLOYMENT_TARGET = 13.6;
				MTL_ENABLE_DEBUG_INFO = INCLUDE_SOURCE;
				MTL_FAST_MATH = YES;
				ONLY_ACTIVE_ARCH = YES;
				SDKROOT = iphoneos;
				SWIFT_ACTIVE_COMPILATION_CONDITIONS = DEBUG;
				SWIFT_OPTIMIZATION_LEVEL = "-Onone";
			};
			name = Debug;
		};
		CBF1D45B270AF3AC000B9749 /* Release */ = {
			isa = XCBuildConfiguration;
			buildSettings = {
				ALWAYS_SEARCH_USER_PATHS = NO;
				CLANG_ANALYZER_NONNULL = YES;
				CLANG_ANALYZER_NUMBER_OBJECT_CONVERSION = YES_AGGRESSIVE;
				CLANG_CXX_LANGUAGE_STANDARD = "gnu++14";
				CLANG_CXX_LIBRARY = "libc++";
				CLANG_ENABLE_MODULES = YES;
				CLANG_ENABLE_OBJC_ARC = YES;
				CLANG_ENABLE_OBJC_WEAK = YES;
				CLANG_WARN_BLOCK_CAPTURE_AUTORELEASING = YES;
				CLANG_WARN_BOOL_CONVERSION = YES;
				CLANG_WARN_COMMA = YES;
				CLANG_WARN_CONSTANT_CONVERSION = YES;
				CLANG_WARN_DEPRECATED_OBJC_IMPLEMENTATIONS = YES;
				CLANG_WARN_DIRECT_OBJC_ISA_USAGE = YES_ERROR;
				CLANG_WARN_DOCUMENTATION_COMMENTS = YES;
				CLANG_WARN_EMPTY_BODY = YES;
				CLANG_WARN_ENUM_CONVERSION = YES;
				CLANG_WARN_INFINITE_RECURSION = YES;
				CLANG_WARN_INT_CONVERSION = YES;
				CLANG_WARN_NON_LITERAL_NULL_CONVERSION = YES;
				CLANG_WARN_OBJC_IMPLICIT_RETAIN_SELF = YES;
				CLANG_WARN_OBJC_LITERAL_CONVERSION = YES;
				CLANG_WARN_OBJC_ROOT_CLASS = YES_ERROR;
				CLANG_WARN_RANGE_LOOP_ANALYSIS = YES;
				CLANG_WARN_STRICT_PROTOTYPES = YES;
				CLANG_WARN_SUSPICIOUS_MOVE = YES;
				CLANG_WARN_UNGUARDED_AVAILABILITY = YES_AGGRESSIVE;
				CLANG_WARN_UNREACHABLE_CODE = YES;
				CLANG_WARN__DUPLICATE_METHOD_MATCH = YES;
				COPY_PHASE_STRIP = NO;
				DEBUG_INFORMATION_FORMAT = "dwarf-with-dsym";
				ENABLE_NS_ASSERTIONS = NO;
				ENABLE_STRICT_OBJC_MSGSEND = YES;
				GCC_C_LANGUAGE_STANDARD = gnu11;
				GCC_NO_COMMON_BLOCKS = YES;
				GCC_WARN_64_TO_32_BIT_CONVERSION = YES;
				GCC_WARN_ABOUT_RETURN_TYPE = YES_ERROR;
				GCC_WARN_UNDECLARED_SELECTOR = YES;
				GCC_WARN_UNINITIALIZED_AUTOS = YES_AGGRESSIVE;
				GCC_WARN_UNUSED_FUNCTION = YES;
				GCC_WARN_UNUSED_VARIABLE = YES;
				IPHONEOS_DEPLOYMENT_TARGET = 13.6;
				MTL_ENABLE_DEBUG_INFO = NO;
				MTL_FAST_MATH = YES;
				SDKROOT = iphoneos;
				SWIFT_COMPILATION_MODE = wholemodule;
				SWIFT_OPTIMIZATION_LEVEL = "-O";
				VALIDATE_PRODUCT = YES;
			};
			name = Release;
		};
		CBF1D45D270AF3AC000B9749 /* Debug */ = {
			isa = XCBuildConfiguration;
			buildSettings = {
				ASSETCATALOG_COMPILER_APPICON_NAME = AppIcon;
				CODE_SIGN_STYLE = Automatic;
				INFOPLIST_FILE = lasvegasDice/Info.plist;
				LD_RUNPATH_SEARCH_PATHS = (
					"$(inherited)",
					"@executable_path/Frameworks",
				);
				PRODUCT_BUNDLE_IDENTIFIER = com.Biz.lasvegasDice;
				PRODUCT_NAME = "$(TARGET_NAME)";
				SWIFT_VERSION = 5.0;
				TARGETED_DEVICE_FAMILY = "1,2";
			};
			name = Debug;
		};
		CBF1D45E270AF3AC000B9749 /* Release */ = {
			isa = XCBuildConfiguration;
			buildSettings = {
				ASSETCATALOG_COMPILER_APPICON_NAME = AppIcon;
				CODE_SIGN_STYLE = Automatic;
				INFOPLIST_FILE = lasvegasDice/Info.plist;
				LD_RUNPATH_SEARCH_PATHS = (
					"$(inherited)",
					"@executable_path/Frameworks",
				);
				PRODUCT_BUNDLE_IDENTIFIER = com.Biz.lasvegasDice;
				PRODUCT_NAME = "$(TARGET_NAME)";
				SWIFT_VERSION = 5.0;
				TARGETED_DEVICE_FAMILY = "1,2";
			};
			name = Release;
		};
/* End XCBuildConfiguration section */

/* Begin XCConfigurationList section */
		CBF1D443270AF3AA000B9749 /* Build configuration list for PBXProject "lasvegasDice" */ = {
			isa = XCConfigurationList;
			buildConfigurations = (
				CBF1D45A270AF3AC000B9749 /* Debug */,
				CBF1D45B270AF3AC000B9749 /* Release */,
			);
			defaultConfigurationIsVisible = 0;
			defaultConfigurationName = Release;
		};
		CBF1D45C270AF3AC000B9749 /* Build configuration list for PBXNativeTarget "lasvegasDice" */ = {
			isa = XCConfigurationList;
			buildConfigurations = (
				CBF1D45D270AF3AC000B9749 /* Debug */,
				CBF1D45E270AF3AC000B9749 /* Release */,
			);
			defaultConfigurationIsVisible = 0;
			defaultConfigurationName = Release;
		};
/* End XCConfigurationList section */
	};
	rootObject = CBF1D440270AF3AA000B9749 /* Project object */;
}
